
Microsoft Visual Studio Solution File, Format Version 12.00
# Visual Studio Version 17
VisualStudioVersion = 17.11.35219.272
MinimumVisualStudioVersion = 10.0.40219.1
Project("{FAE04EC0-301F-11D3-BF4B-00C04F79EFBC}") = "BT02", "BT02.csproj", "{497DFFAE-6A11-45B7-9766-2679D52FB43F}"
EndProject
Global
	GlobalSection(SolutionConfigurationPlatforms) = preSolution
		Debug|Any CPU = Debug|Any CPU
		Release|Any CPU = Release|Any CPU
	EndGlobalSection
	GlobalSection(ProjectConfigurationPlatforms) = postSolution
		{497DFFAE-6A11-45B7-9766-2679D52FB43F}.Debug|Any CPU.ActiveCfg = Debug|Any CPU
		{497DFFAE-6A11-45B7-9766-2679D52FB43F}.Debug|Any CPU.Build.0 = Debug|Any CPU
		{497DFFAE-6A11-45B7-9766-2679D52FB43F}.Release|Any CPU.ActiveCfg = Release|Any CPU
		{497DFFAE-6A11-45B7-9766-2679D52FB43F}.Release|Any CPU.Build.0 = Release|Any CPU
	EndGlobalSection
	GlobalSection(SolutionProperties) = preSolution
		HideSolutionNode = FALSE
	EndGlobalSection
	GlobalSection(ExtensibilityGlobals) = postSolution
		SolutionGuid = {5E2FDEF0-0CD3-4B94-AB2A-C67F63A142E5}
	EndGlobalSection
EndGlobal
